
Microsoft Visual Studio Solution File, Format Version 12.00
# Visual Studio Version 17
VisualStudioVersion = 17.10.34916.146
MinimumVisualStudioVersion = 10.0.40219.1
Project("{FAE04EC0-301F-11D3-BF4B-00C04F79EFBC}") = "BlazorWebassembly", "BlazorWebassembly\BlazorWebassembly\BlazorWebassembly.csproj", "{6F31F44A-8B78-4339-83D9-4C4C3EAE499B}"
EndProject
Project("{FAE04EC0-301F-11D3-BF4B-00C04F79EFBC}") = "BlazorWebassembly.Client", "BlazorWebassembly\BlazorWebassembly.Client\BlazorWebassembly.Client.csproj", "{62B78C99-8204-4931-A650-6EE8ED3C3301}"
EndProject
Project("{FAE04EC0-301F-11D3-BF4B-00C04F79EFBC}") = "BlazorApp2", "BlazorApp2\BlazorApp2\BlazorApp2.csproj", "{EDB22F0F-7EC2-47D0-A640-7DE3DDB2621B}"
EndProject
Project("{FAE04EC0-301F-11D3-BF4B-00C04F79EFBC}") = "BlazorApp2.Client", "BlazorApp2\BlazorApp2.Client\BlazorApp2.Client.csproj", "{86E71D62-E50C-44F5-A5B5-BCF57A738972}"
EndProject
Global
	GlobalSection(SolutionConfigurationPlatforms) = preSolution
		Debug|Any CPU = Debug|Any CPU
		Release|Any CPU = Release|Any CPU
	EndGlobalSection
	GlobalSection(ProjectConfigurationPlatforms) = postSolution
		{6F31F44A-8B78-4339-83D9-4C4C3EAE499B}.Debug|Any CPU.ActiveCfg = Debug|Any CPU
		{6F31F44A-8B78-4339-83D9-4C4C3EAE499B}.Debug|Any CPU.Build.0 = Debug|Any CPU
		{6F31F44A-8B78-4339-83D9-4C4C3EAE499B}.Release|Any CPU.ActiveCfg = Release|Any CPU
		{6F31F44A-8B78-4339-83D9-4C4C3EAE499B}.Release|Any CPU.Build.0 = Release|Any CPU
		{62B78C99-8204-4931-A650-6EE8ED3C3301}.Debug|Any CPU.ActiveCfg = Debug|Any CPU
		{62B78C99-8204-4931-A650-6EE8ED3C3301}.Debug|Any CPU.Build.0 = Debug|Any CPU
		{62B78C99-8204-4931-A650-6EE8ED3C3301}.Release|Any CPU.ActiveCfg = Release|Any CPU
		{62B78C99-8204-4931-A650-6EE8ED3C3301}.Release|Any CPU.Build.0 = Release|Any CPU
		{EDB22F0F-7EC2-47D0-A640-7DE3DDB2621B}.Debug|Any CPU.ActiveCfg = Debug|Any CPU
		{EDB22F0F-7EC2-47D0-A640-7DE3DDB2621B}.Debug|Any CPU.Build.0 = Debug|Any CPU
		{EDB22F0F-7EC2-47D0-A640-7DE3DDB2621B}.Release|Any CPU.ActiveCfg = Release|Any CPU
		{EDB22F0F-7EC2-47D0-A640-7DE3DDB2621B}.Release|Any CPU.Build.0 = Release|Any CPU
		{86E71D62-E50C-44F5-A5B5-BCF57A738972}.Debug|Any CPU.ActiveCfg = Debug|Any CPU
		{86E71D62-E50C-44F5-A5B5-BCF57A738972}.Debug|Any CPU.Build.0 = Debug|Any CPU
		{86E71D62-E50C-44F5-A5B5-BCF57A738972}.Release|Any CPU.ActiveCfg = Release|Any CPU
		{86E71D62-E50C-44F5-A5B5-BCF57A738972}.Release|Any CPU.Build.0 = Release|Any CPU
	EndGlobalSection
	GlobalSection(SolutionProperties) = preSolution
		HideSolutionNode = FALSE
	EndGlobalSection
	GlobalSection(ExtensibilityGlobals) = postSolution
		SolutionGuid = {C0678D48-6B5C-44ED-9BF3-CA56C67F5C9B}
	EndGlobalSection
EndGlobal
