
Microsoft Visual Studio Solution File, Format Version 12.00
# Visual Studio Version 17
VisualStudioVersion = 17.10.34916.146
MinimumVisualStudioVersion = 10.0.40219.1
Project("{FAE04EC0-301F-11D3-BF4B-00C04F79EFBC}") = "ACATrials1", "ACATrials1\ACATrials1.csproj", "{E93618B4-8206-4227-934C-C07C766A9CD9}"
EndProject
Global
	GlobalSection(SolutionConfigurationPlatforms) = preSolution
		Debug|Any CPU = Debug|Any CPU
		Release|Any CPU = Release|Any CPU
	EndGlobalSection
	GlobalSection(ProjectConfigurationPlatforms) = postSolution
		{E93618B4-8206-4227-934C-C07C766A9CD9}.Debug|Any CPU.ActiveCfg = Debug|Any CPU
		{E93618B4-8206-4227-934C-C07C766A9CD9}.Debug|Any CPU.Build.0 = Debug|Any CPU
		{E93618B4-8206-4227-934C-C07C766A9CD9}.Release|Any CPU.ActiveCfg = Release|Any CPU
		{E93618B4-8206-4227-934C-C07C766A9CD9}.Release|Any CPU.Build.0 = Release|Any CPU
	EndGlobalSection
	GlobalSection(SolutionProperties) = preSolution
		HideSolutionNode = FALSE
	EndGlobalSection
	GlobalSection(ExtensibilityGlobals) = postSolution
		SolutionGuid = {E3EE7071-50F6-48CD-8C73-D61D012AB589}
	EndGlobalSection
EndGlobal
